{
  "object": {
    "pins": [
      {
        "package": "DropDown",
        "repositoryURL": "https://github.com/AssistoLab/DropDown",
        "state": {
          "branch": "master",
          "revision": "2ab6f6ce19f0117d1a76ea043ef8f57722c65d16",
          "version": null
        }
      },
      {
        "package": "Kingfisher",
        "repositoryURL": "https://github.com/onevcat/Kingfisher",
        "state": {
          "branch": null,
          "revision": "be1a1acb283a702b99b630f586877ba02234b4cb",
          "version": "7.3.2"
        }
      }
    ]
  },
  "version": 1
}
